
Microsoft Visual Studio Solution File, Format Version 12.00
# Visual Studio Version 16
VisualStudioVersion = 16.0.30225.117
MinimumVisualStudioVersion = 10.0.40219.1
Project("{9092AA53-FB77-4645-B42D-1CCCA6BD08BD}") = "CallDatafromDB", "CallDatafromDB\CallDatafromDB.njsproj", "{4858F88A-7DD3-46A0-956D-CE78B4BD244F}"
EndProject
Global
	GlobalSection(SolutionConfigurationPlatforms) = preSolution
		Debug|Any CPU = Debug|Any CPU
		Release|Any CPU = Release|Any CPU
	EndGlobalSection
	GlobalSection(ProjectConfigurationPlatforms) = postSolution
		{4858F88A-7DD3-46A0-956D-CE78B4BD244F}.Debug|Any CPU.ActiveCfg = Debug|Any CPU
		{4858F88A-7DD3-46A0-956D-CE78B4BD244F}.Debug|Any CPU.Build.0 = Debug|Any CPU
		{4858F88A-7DD3-46A0-956D-CE78B4BD244F}.Release|Any CPU.ActiveCfg = Release|Any CPU
		{4858F88A-7DD3-46A0-956D-CE78B4BD244F}.Release|Any CPU.Build.0 = Release|Any CPU
	EndGlobalSection
	GlobalSection(SolutionProperties) = preSolution
		HideSolutionNode = FALSE
	EndGlobalSection
	GlobalSection(ExtensibilityGlobals) = postSolution
		SolutionGuid = {A42D844A-E384-46DC-9190-97BF8F673CE5}
	EndGlobalSection
EndGlobal
